{
  "name": "ente-validation-bench",
  "lockfileVersion": 3,
  "requires": true,
  "packages": {
    "": {
      "name": "ente-validation-bench",
      "dependencies": {
        "libsodium-wrappers-sumo": "^0.7.15"
      }
    },
    "node_modules/libsodium-sumo": {
      "version": "0.7.16",
      "resolved": "https://registry.npmjs.org/libsodium-sumo/-/libsodium-sumo-0.7.16.tgz",
      "integrity": "sha512-x6atrz2AdXCJg6G709x9W9TTJRI6/0NcL5dD0l5GGVqNE48UJmDsjO4RUWYTeyXXUpg+NXZ2SHECaZnFRYzwGA==",
      "license": "ISC"
    },
    "node_modules/libsodium-wrappers-sumo": {
      "version": "0.7.16",
      "resolved": "https://registry.npmjs.org/libsodium-wrappers-sumo/-/libsodium-wrappers-sumo-0.7.16.tgz",
      "integrity": "sha512-gR0JEFPeN3831lB9+ogooQk0KH4K5LSMIO5Prd5Q5XYR2wHFtZfPg0eP7t1oJIWq+UIzlU4WVeBxZ97mt28tXw==",
      "license": "ISC",
      "dependencies": {
        "libsodium-sumo": "^0.7.16"
      }
    }
  }
}
