PODS:
  - background_fetch (1.3.2):
    - Flutter
  - battery_info (0.0.1):
    - Flutter
  - connectivity_plus (0.0.1):
    - Flutter
    - FlutterMacOS
  - dart_ui_isolate (0.0.1):
    - Flutter
  - device_info_plus (0.0.1):
    - Flutter
  - ffmpeg-kit-ios-min (6.0)
  - ffmpeg_kit_flutter_min (6.0.3):
    - ffmpeg_kit_flutter_min/min (= 6.0.3)
    - Flutter
  - ffmpeg_kit_flutter_min/min (6.0.3):
    - ffmpeg-kit-ios-min (= 6.0)
    - Flutter
  - file_saver (0.0.1):
    - Flutter
  - Firebase/CoreOnly (10.24.0):
    - FirebaseCore (= 10.24.0)
  - Firebase/Messaging (10.24.0):
    - Firebase/CoreOnly
    - FirebaseMessaging (~> 10.24.0)
  - firebase_core (2.30.0):
    - Firebase/CoreOnly (= 10.24.0)
    - Flutter
  - firebase_messaging (14.8.1):
    - Firebase/Messaging (= 10.24.0)
    - firebase_core
    - Flutter
  - FirebaseCore (10.24.0):
    - FirebaseCoreInternal (~> 10.0)
    - GoogleUtilities/Environment (~> 7.12)
    - GoogleUtilities/Logger (~> 7.12)
  - FirebaseCoreInternal (10.24.0):
    - "GoogleUtilities/NSData+zlib (~> 7.8)"
  - FirebaseInstallations (10.24.0):
    - FirebaseCore (~> 10.0)
    - GoogleUtilities/Environment (~> 7.8)
    - GoogleUtilities/UserDefaults (~> 7.8)
    - PromisesObjC (~> 2.1)
  - FirebaseMessaging (10.24.0):
    - FirebaseCore (~> 10.0)
    - FirebaseInstallations (~> 10.0)
    - GoogleDataTransport (~> 9.3)
    - GoogleUtilities/AppDelegateSwizzler (~> 7.8)
    - GoogleUtilities/Environment (~> 7.8)
    - GoogleUtilities/Reachability (~> 7.8)
    - GoogleUtilities/UserDefaults (~> 7.8)
    - nanopb (< 2.30911.0, >= 2.30908.0)
  - fk_user_agent (2.0.0):
    - Flutter
  - Flutter (1.0.0)
  - flutter_email_sender (0.0.1):
    - Flutter
  - flutter_image_compress (1.0.0):
    - Flutter
    - Mantle
    - SDWebImage
    - SDWebImageWebPCoder
  - flutter_inappwebview (0.0.1):
    - Flutter
    - flutter_inappwebview/Core (= 0.0.1)
    - OrderedSet (~> 5.0)
  - flutter_inappwebview/Core (0.0.1):
    - Flutter
    - OrderedSet (~> 5.0)
  - flutter_local_notifications (0.0.1):
    - Flutter
  - flutter_native_splash (0.0.1):
    - Flutter
  - flutter_secure_storage (6.0.0):
    - Flutter
  - flutter_sodium (0.0.1):
    - Flutter
  - fluttertoast (0.0.2):
    - Flutter
    - Toast
  - GoogleDataTransport (9.4.1):
    - GoogleUtilities/Environment (~> 7.7)
    - nanopb (< 2.30911.0, >= 2.30908.0)
    - PromisesObjC (< 3.0, >= 1.2)
  - GoogleUtilities/AppDelegateSwizzler (7.13.0):
    - GoogleUtilities/Environment
    - GoogleUtilities/Logger
    - GoogleUtilities/Network
    - GoogleUtilities/Privacy
  - GoogleUtilities/Environment (7.13.0):
    - GoogleUtilities/Privacy
    - PromisesObjC (< 3.0, >= 1.2)
  - GoogleUtilities/Logger (7.13.0):
    - GoogleUtilities/Environment
    - GoogleUtilities/Privacy
  - GoogleUtilities/Network (7.13.0):
    - GoogleUtilities/Logger
    - "GoogleUtilities/NSData+zlib"
    - GoogleUtilities/Privacy
    - GoogleUtilities/Reachability
  - "GoogleUtilities/NSData+zlib (7.13.0)":
    - GoogleUtilities/Privacy
  - GoogleUtilities/Privacy (7.13.0)
  - GoogleUtilities/Reachability (7.13.0):
    - GoogleUtilities/Logger
    - GoogleUtilities/Privacy
  - GoogleUtilities/UserDefaults (7.13.0):
    - GoogleUtilities/Logger
    - GoogleUtilities/Privacy
  - home_widget (0.0.1):
    - Flutter
  - image_editor_common (1.0.0):
    - Flutter
  - image_picker_ios (0.0.1):
    - Flutter
  - in_app_purchase_storekit (0.0.1):
    - Flutter
    - FlutterMacOS
  - integration_test (0.0.1):
    - Flutter
  - libwebp (1.3.2):
    - libwebp/demux (= 1.3.2)
    - libwebp/mux (= 1.3.2)
    - libwebp/sharpyuv (= 1.3.2)
    - libwebp/webp (= 1.3.2)
  - libwebp/demux (1.3.2):
    - libwebp/webp
  - libwebp/mux (1.3.2):
    - libwebp/demux
  - libwebp/sharpyuv (1.3.2)
  - libwebp/webp (1.3.2):
    - libwebp/sharpyuv
  - local_auth_darwin (0.0.1):
    - Flutter
  - local_auth_ios (0.0.1):
    - Flutter
  - Mantle (2.2.0):
    - Mantle/extobjc (= 2.2.0)
  - Mantle/extobjc (2.2.0)
  - media_extension (0.0.1):
    - Flutter
  - media_kit_libs_ios_video (1.0.4):
    - Flutter
  - media_kit_native_event_loop (1.0.0):
    - Flutter
  - media_kit_video (0.0.1):
    - Flutter
  - motionphoto (0.0.1):
    - Flutter
  - move_to_background (0.0.1):
    - Flutter
  - nanopb (2.30910.0):
    - nanopb/decode (= 2.30910.0)
    - nanopb/encode (= 2.30910.0)
  - nanopb/decode (2.30910.0)
  - nanopb/encode (2.30910.0)
  - onnxruntime (0.0.1):
    - Flutter
    - onnxruntime-objc (= 1.15.1)
  - onnxruntime-c (1.15.1)
  - onnxruntime-objc (1.15.1):
    - onnxruntime-objc/Core (= 1.15.1)
  - onnxruntime-objc/Core (1.15.1):
    - onnxruntime-c (= 1.15.1)
  - open_mail_app (0.0.1):
    - Flutter
  - OrderedSet (5.0.0)
  - package_info_plus (0.4.5):
    - Flutter
  - path_provider_foundation (0.0.1):
    - Flutter
    - FlutterMacOS
  - permission_handler_apple (9.3.0):
    - Flutter
  - photo_manager (2.0.0):
    - Flutter
    - FlutterMacOS
  - PromisesObjC (2.4.0)
  - receive_sharing_intent (1.6.8):
    - Flutter
  - screen_brightness_ios (0.1.0):
    - Flutter
  - SDWebImage (5.19.1):
    - SDWebImage/Core (= 5.19.1)
  - SDWebImage/Core (5.19.1)
  - SDWebImageWebPCoder (0.14.6):
    - libwebp (~> 1.0)
    - SDWebImage/Core (~> 5.17)
  - Sentry/HybridSDK (8.21.0):
    - SentryPrivate (= 8.21.0)
  - sentry_flutter (7.19.0):
    - Flutter
    - FlutterMacOS
    - Sentry/HybridSDK (= 8.21.0)
  - SentryPrivate (8.21.0)
  - share_plus (0.0.1):
    - Flutter
  - shared_preferences_foundation (0.0.1):
    - Flutter
    - FlutterMacOS
  - sqflite (0.0.3):
    - Flutter
    - FlutterMacOS
  - "sqlite3 (3.45.3+1)":
    - "sqlite3/common (= 3.45.3+1)"
  - "sqlite3/common (3.45.3+1)"
  - "sqlite3/fts5 (3.45.3+1)":
    - sqlite3/common
  - "sqlite3/perf-threadsafe (3.45.3+1)":
    - sqlite3/common
  - "sqlite3/rtree (3.45.3+1)":
    - sqlite3/common
  - sqlite3_flutter_libs (0.0.1):
    - Flutter
    - sqlite3 (~> 3.45.1)
    - sqlite3/fts5
    - sqlite3/perf-threadsafe
    - sqlite3/rtree
  - Toast (4.1.1)
  - uni_links (0.0.1):
    - Flutter
  - url_launcher_ios (0.0.1):
    - Flutter
  - video_player_avfoundation (0.0.1):
    - Flutter
    - FlutterMacOS
  - video_thumbnail (0.0.1):
    - Flutter
    - libwebp
  - volume_controller (0.0.1):
    - Flutter
  - wakelock_plus (0.0.1):
    - Flutter

DEPENDENCIES:
  - background_fetch (from `.symlinks/plugins/background_fetch/ios`)
  - battery_info (from `.symlinks/plugins/battery_info/ios`)
  - connectivity_plus (from `.symlinks/plugins/connectivity_plus/darwin`)
  - dart_ui_isolate (from `.symlinks/plugins/dart_ui_isolate/ios`)
  - device_info_plus (from `.symlinks/plugins/device_info_plus/ios`)
  - ffmpeg_kit_flutter_min (from `.symlinks/plugins/ffmpeg_kit_flutter_min/ios`)
  - file_saver (from `.symlinks/plugins/file_saver/ios`)
  - firebase_core (from `.symlinks/plugins/firebase_core/ios`)
  - firebase_messaging (from `.symlinks/plugins/firebase_messaging/ios`)
  - fk_user_agent (from `.symlinks/plugins/fk_user_agent/ios`)
  - Flutter (from `Flutter`)
  - flutter_email_sender (from `.symlinks/plugins/flutter_email_sender/ios`)
  - flutter_image_compress (from `.symlinks/plugins/flutter_image_compress/ios`)
  - flutter_inappwebview (from `.symlinks/plugins/flutter_inappwebview/ios`)
  - flutter_local_notifications (from `.symlinks/plugins/flutter_local_notifications/ios`)
  - flutter_native_splash (from `.symlinks/plugins/flutter_native_splash/ios`)
  - flutter_secure_storage (from `.symlinks/plugins/flutter_secure_storage/ios`)
  - flutter_sodium (from `.symlinks/plugins/flutter_sodium/ios`)
  - fluttertoast (from `.symlinks/plugins/fluttertoast/ios`)
  - home_widget (from `.symlinks/plugins/home_widget/ios`)
  - image_editor_common (from `.symlinks/plugins/image_editor_common/ios`)
  - image_picker_ios (from `.symlinks/plugins/image_picker_ios/ios`)
  - in_app_purchase_storekit (from `.symlinks/plugins/in_app_purchase_storekit/darwin`)
  - integration_test (from `.symlinks/plugins/integration_test/ios`)
  - local_auth_darwin (from `.symlinks/plugins/local_auth_darwin/darwin`)
  - local_auth_ios (from `.symlinks/plugins/local_auth_ios/ios`)
  - media_extension (from `.symlinks/plugins/media_extension/ios`)
  - media_kit_libs_ios_video (from `.symlinks/plugins/media_kit_libs_ios_video/ios`)
  - media_kit_native_event_loop (from `.symlinks/plugins/media_kit_native_event_loop/ios`)
  - media_kit_video (from `.symlinks/plugins/media_kit_video/ios`)
  - motionphoto (from `.symlinks/plugins/motionphoto/ios`)
  - move_to_background (from `.symlinks/plugins/move_to_background/ios`)
  - onnxruntime (from `.symlinks/plugins/onnxruntime/ios`)
  - open_mail_app (from `.symlinks/plugins/open_mail_app/ios`)
  - package_info_plus (from `.symlinks/plugins/package_info_plus/ios`)
  - path_provider_foundation (from `.symlinks/plugins/path_provider_foundation/darwin`)
  - permission_handler_apple (from `.symlinks/plugins/permission_handler_apple/ios`)
  - photo_manager (from `.symlinks/plugins/photo_manager/ios`)
  - receive_sharing_intent (from `.symlinks/plugins/receive_sharing_intent/ios`)
  - screen_brightness_ios (from `.symlinks/plugins/screen_brightness_ios/ios`)
  - sentry_flutter (from `.symlinks/plugins/sentry_flutter/ios`)
  - share_plus (from `.symlinks/plugins/share_plus/ios`)
  - shared_preferences_foundation (from `.symlinks/plugins/shared_preferences_foundation/darwin`)
  - sqflite (from `.symlinks/plugins/sqflite/darwin`)
  - sqlite3_flutter_libs (from `.symlinks/plugins/sqlite3_flutter_libs/ios`)
  - uni_links (from `.symlinks/plugins/uni_links/ios`)
  - url_launcher_ios (from `.symlinks/plugins/url_launcher_ios/ios`)
  - video_player_avfoundation (from `.symlinks/plugins/video_player_avfoundation/darwin`)
  - video_thumbnail (from `.symlinks/plugins/video_thumbnail/ios`)
  - volume_controller (from `.symlinks/plugins/volume_controller/ios`)
  - wakelock_plus (from `.symlinks/plugins/wakelock_plus/ios`)

SPEC REPOS:
  trunk:
    - ffmpeg-kit-ios-min
    - Firebase
    - FirebaseCore
    - FirebaseCoreInternal
    - FirebaseInstallations
    - FirebaseMessaging
    - GoogleDataTransport
    - GoogleUtilities
    - libwebp
    - Mantle
    - nanopb
    - onnxruntime-c
    - onnxruntime-objc
    - OrderedSet
    - PromisesObjC
    - SDWebImage
    - SDWebImageWebPCoder
    - Sentry
    - SentryPrivate
    - sqlite3
    - Toast

EXTERNAL SOURCES:
  background_fetch:
    :path: ".symlinks/plugins/background_fetch/ios"
  battery_info:
    :path: ".symlinks/plugins/battery_info/ios"
  connectivity_plus:
    :path: ".symlinks/plugins/connectivity_plus/darwin"
  dart_ui_isolate:
    :path: ".symlinks/plugins/dart_ui_isolate/ios"
  device_info_plus:
    :path: ".symlinks/plugins/device_info_plus/ios"
  ffmpeg_kit_flutter_min:
    :path: ".symlinks/plugins/ffmpeg_kit_flutter_min/ios"
  file_saver:
    :path: ".symlinks/plugins/file_saver/ios"
  firebase_core:
    :path: ".symlinks/plugins/firebase_core/ios"
  firebase_messaging:
    :path: ".symlinks/plugins/firebase_messaging/ios"
  fk_user_agent:
    :path: ".symlinks/plugins/fk_user_agent/ios"
  Flutter:
    :path: Flutter
  flutter_email_sender:
    :path: ".symlinks/plugins/flutter_email_sender/ios"
  flutter_image_compress:
    :path: ".symlinks/plugins/flutter_image_compress/ios"
  flutter_inappwebview:
    :path: ".symlinks/plugins/flutter_inappwebview/ios"
  flutter_local_notifications:
    :path: ".symlinks/plugins/flutter_local_notifications/ios"
  flutter_native_splash:
    :path: ".symlinks/plugins/flutter_native_splash/ios"
  flutter_secure_storage:
    :path: ".symlinks/plugins/flutter_secure_storage/ios"
  flutter_sodium:
    :path: ".symlinks/plugins/flutter_sodium/ios"
  fluttertoast:
    :path: ".symlinks/plugins/fluttertoast/ios"
  home_widget:
    :path: ".symlinks/plugins/home_widget/ios"
  image_editor_common:
    :path: ".symlinks/plugins/image_editor_common/ios"
  image_picker_ios:
    :path: ".symlinks/plugins/image_picker_ios/ios"
  in_app_purchase_storekit:
    :path: ".symlinks/plugins/in_app_purchase_storekit/darwin"
  integration_test:
    :path: ".symlinks/plugins/integration_test/ios"
  local_auth_darwin:
    :path: ".symlinks/plugins/local_auth_darwin/darwin"
  local_auth_ios:
    :path: ".symlinks/plugins/local_auth_ios/ios"
  media_extension:
    :path: ".symlinks/plugins/media_extension/ios"
  media_kit_libs_ios_video:
    :path: ".symlinks/plugins/media_kit_libs_ios_video/ios"
  media_kit_native_event_loop:
    :path: ".symlinks/plugins/media_kit_native_event_loop/ios"
  media_kit_video:
    :path: ".symlinks/plugins/media_kit_video/ios"
  motionphoto:
    :path: ".symlinks/plugins/motionphoto/ios"
  move_to_background:
    :path: ".symlinks/plugins/move_to_background/ios"
  onnxruntime:
    :path: ".symlinks/plugins/onnxruntime/ios"
  open_mail_app:
    :path: ".symlinks/plugins/open_mail_app/ios"
  package_info_plus:
    :path: ".symlinks/plugins/package_info_plus/ios"
  path_provider_foundation:
    :path: ".symlinks/plugins/path_provider_foundation/darwin"
  permission_handler_apple:
    :path: ".symlinks/plugins/permission_handler_apple/ios"
  photo_manager:
    :path: ".symlinks/plugins/photo_manager/ios"
  receive_sharing_intent:
    :path: ".symlinks/plugins/receive_sharing_intent/ios"
  screen_brightness_ios:
    :path: ".symlinks/plugins/screen_brightness_ios/ios"
  sentry_flutter:
    :path: ".symlinks/plugins/sentry_flutter/ios"
  share_plus:
    :path: ".symlinks/plugins/share_plus/ios"
  shared_preferences_foundation:
    :path: ".symlinks/plugins/shared_preferences_foundation/darwin"
  sqflite:
    :path: ".symlinks/plugins/sqflite/darwin"
  sqlite3_flutter_libs:
    :path: ".symlinks/plugins/sqlite3_flutter_libs/ios"
  uni_links:
    :path: ".symlinks/plugins/uni_links/ios"
  url_launcher_ios:
    :path: ".symlinks/plugins/url_launcher_ios/ios"
  video_player_avfoundation:
    :path: ".symlinks/plugins/video_player_avfoundation/darwin"
  video_thumbnail:
    :path: ".symlinks/plugins/video_thumbnail/ios"
  volume_controller:
    :path: ".symlinks/plugins/volume_controller/ios"
  wakelock_plus:
    :path: ".symlinks/plugins/wakelock_plus/ios"

SPEC CHECKSUMS:
  background_fetch: 2319bf7e18237b4b269430b7f14d177c0df09c5a
  battery_info: 09f5c9ee65394f2291c8c6227bedff345b8a730c
  connectivity_plus: ddd7f30999e1faaef5967c23d5b6d503d10434db
  dart_ui_isolate: d5bcda83ca4b04f129d70eb90110b7a567aece14
  device_info_plus: c6fb39579d0f423935b0c9ce7ee2f44b71b9fce6
  ffmpeg-kit-ios-min: 4e9a088f4ee9629435960b9d68e54848975f1931
  ffmpeg_kit_flutter_min: 5eff47f4965bf9d1150e98961eb6129f5ae3f28c
  file_saver: 503e386464dbe118f630e17b4c2e1190fa0cf808
  Firebase: 91fefd38712feb9186ea8996af6cbdef41473442
  firebase_core: 66b99b4fb4e5d7cc4e88d4c195fe986681f3466a
  firebase_messaging: 0eb0425d28b4f4af147cdd4adcaf7c0100df28ed
  FirebaseCore: 11dc8a16dfb7c5e3c3f45ba0e191a33ac4f50894
  FirebaseCoreInternal: bcb5acffd4ea05e12a783ecf835f2210ce3dc6af
  FirebaseInstallations: 8f581fca6478a50705d2bd2abd66d306e0f5736e
  FirebaseMessaging: 4d52717dd820707cc4eadec5eb981b4832ec8d5d
  fk_user_agent: 1f47ec39291e8372b1d692b50084b0d54103c545
  Flutter: e0871f40cf51350855a761d2e70bf5af5b9b5de7
  flutter_email_sender: 02d7443217d8c41483223627972bfdc09f74276b
  flutter_image_compress: 5a5e9aee05b6553048b8df1c3bc456d0afaac433
  flutter_inappwebview: 3d32228f1304635e7c028b0d4252937730bbc6cf
  flutter_local_notifications: 4cde75091f6327eb8517fa068a0a5950212d2086
  flutter_native_splash: 52501b97d1c0a5f898d687f1646226c1f93c56ef
  flutter_secure_storage: 23fc622d89d073675f2eaa109381aefbcf5a49be
  flutter_sodium: c84426b4de738514b5b66cfdeb8a06634e72fe0b
  fluttertoast: 31b00dabfa7fb7bacd9e7dbee580d7a2ff4bf265
  GoogleDataTransport: 6c09b596d841063d76d4288cc2d2f42cc36e1e2a
  GoogleUtilities: d053d902a8edaa9904e1bd00c37535385b8ed152
  home_widget: 0434835a4c9a75704264feff6be17ea40e0f0d57
  image_editor_common: d6f6644ae4a6de80481e89fe6d0a8c49e30b4b43
  image_picker_ios: c560581cceedb403a6ff17f2f816d7fea1421fc1
  in_app_purchase_storekit: 0e4b3c2e43ba1e1281f4f46dd71b0593ce529892
  integration_test: ce0a3ffa1de96d1a89ca0ac26fca7ea18a749ef4
  libwebp: 1786c9f4ff8a279e4dac1e8f385004d5fc253009
  local_auth_darwin: c7e464000a6a89e952235699e32b329457608d98
  local_auth_ios: 5046a18c018dd973247a0564496c8898dbb5adf9
  Mantle: c5aa8794a29a022dfbbfc9799af95f477a69b62d
  media_extension: 6d30dc1431ebaa63f43c397c37917b1a0a597a4c
  media_kit_libs_ios_video: a5fe24bc7875ccd6378a0978c13185e1344651c1
  media_kit_native_event_loop: e6b2ab20cf0746eb1c33be961fcf79667304fa2a
  media_kit_video: 5da63f157170e5bf303bf85453b7ef6971218a2e
  motionphoto: d4a432b8c8f22fb3ad966258597c0103c9c5ff16
  move_to_background: 39a5b79b26d577b0372cbe8a8c55e7aa9fcd3a2d
  nanopb: 438bc412db1928dac798aa6fd75726007be04262
  onnxruntime: e9346181d75b8dea8733bdae512a22c298962e00
  onnxruntime-c: ebdcfd8650bcbd10121c125262f99dea681b92a3
  onnxruntime-objc: ae7acec7a3d03eaf072d340afed7a35635c1c2a6
  open_mail_app: 794172f6a22cd16319d3ddaf45e945b2f74952b0
  OrderedSet: aaeb196f7fef5a9edf55d89760da9176ad40b93c
  package_info_plus: 115f4ad11e0698c8c1c5d8a689390df880f47e85
  path_provider_foundation: 3784922295ac71e43754bd15e0653ccfd36a147c
  permission_handler_apple: 9878588469a2b0d0fc1e048d9f43605f92e6cec2
  photo_manager: 4f6810b7dfc4feb03b461ac1a70dacf91fba7604
  PromisesObjC: f5707f49cb48b9636751c5b2e7d227e43fba9f47
  receive_sharing_intent: 6837b01768e567fe8562182397bf43d63d8c6437
  screen_brightness_ios: 715ca807df953bf676d339f11464e438143ee625
  SDWebImage: 40b0b4053e36c660a764958bff99eed16610acbb
  SDWebImageWebPCoder: e38c0a70396191361d60c092933e22c20d5b1380
  Sentry: ebc12276bd17613a114ab359074096b6b3725203
  sentry_flutter: 88ebea3f595b0bc16acc5bedacafe6d60c12dcd5
  SentryPrivate: d651efb234cf385ec9a1cdd3eff94b5e78a0e0fe
  share_plus: 8875f4f2500512ea181eef553c3e27dba5135aad
  shared_preferences_foundation: b4c3b4cddf1c21f02770737f147a3f5da9d39695
  sqflite: 673a0e54cc04b7d6dba8d24fb8095b31c3a99eec
  sqlite3: 02d1f07eaaa01f80a1c16b4b31dfcbb3345ee01a
  sqlite3_flutter_libs: af0e8fe9bce48abddd1ffdbbf839db0302d72d80
  Toast: 1f5ea13423a1e6674c4abdac5be53587ae481c4e
  uni_links: d97da20c7701486ba192624d99bffaaffcfc298a
  url_launcher_ios: 6116280ddcfe98ab8820085d8d76ae7449447586
  video_player_avfoundation: 2b4384f3b157206b5e150a0083cdc0c905d260d3
  video_thumbnail: c4e2a3c539e247d4de13cd545344fd2d26ffafd1
  volume_controller: 531ddf792994285c9b17f9d8a7e4dcdd29b3eae9
  wakelock_plus: 8b09852c8876491e4b6d179e17dfe2a0b5f60d47

PODFILE CHECKSUM: 3c51755c77077d1aa4ef23d06c621f6e2569214c

COCOAPODS: 1.15.2
