// !$*UTF8*$!
{
	archiveVersion = 1;
	classes = {
	};
	objectVersion = 77;
	objects = {

/* Begin PBXBuildFile section */
		DACC3DAB2E604C9C00DAF993 /* Sodium in Frameworks */ = {isa = PBXBuildFile; productRef = DA72BCAB2E5F87B000D128FF /* Sodium */; };
		DACC3DC92E618D6A00DAF993 /* EnteCrypto in Frameworks */ = {isa = PBXBuildFile; productRef = DACC3DC82E618D6A00DAF993 /* EnteCrypto */; };
		DAF584672E61BB8300F8A08F /* ZIPFoundation in Frameworks */ = {isa = PBXBuildFile; productRef = DAF584662E61BB8300F8A08F /* ZIPFoundation */; };
/* End PBXBuildFile section */

/* Begin PBXContainerItemProxy section */
		DA72BC742E5F87A100D128FF /* PBXContainerItemProxy */ = {
			isa = PBXContainerItemProxy;
			containerPortal = DA72BC592E5F87A000D128FF /* Project object */;
			proxyType = 1;
			remoteGlobalIDString = DA72BC602E5F87A000D128FF;
			remoteInfo = tv;
		};
		DA72BC7E2E5F87A100D128FF /* PBXContainerItemProxy */ = {
			isa = PBXContainerItemProxy;
			containerPortal = DA72BC592E5F87A000D128FF /* Project object */;
			proxyType = 1;
			remoteGlobalIDString = DA72BC602E5F87A000D128FF;
			remoteInfo = tv;
		};
/* End PBXContainerItemProxy section */

/* Begin PBXFileReference section */
		DA72BC612E5F87A000D128FF /* cast.app */ = {isa = PBXFileReference; explicitFileType = wrapper.application; includeInIndex = 0; path = cast.app; sourceTree = BUILT_PRODUCTS_DIR; };
		DA72BC732E5F87A100D128FF /* castTests.xctest */ = {isa = PBXFileReference; explicitFileType = wrapper.cfbundle; includeInIndex = 0; path = castTests.xctest; sourceTree = BUILT_PRODUCTS_DIR; };
		DA72BC7D2E5F87A100D128FF /* castUITests.xctest */ = {isa = PBXFileReference; explicitFileType = wrapper.cfbundle; includeInIndex = 0; path = castUITests.xctest; sourceTree = BUILT_PRODUCTS_DIR; };
/* End PBXFileReference section */

/* Begin PBXFileSystemSynchronizedBuildFileExceptionSet section */
		DA01087C2E682336006E79AE /* Exceptions for "cast" folder in "cast" target */ = {
			isa = PBXFileSystemSynchronizedBuildFileExceptionSet;
			membershipExceptions = (
				Info.plist,
			);
			target = DA72BC602E5F87A000D128FF /* cast */;
		};
/* End PBXFileSystemSynchronizedBuildFileExceptionSet section */

/* Begin PBXFileSystemSynchronizedRootGroup section */
		DA72BC632E5F87A000D128FF /* cast */ = {
			isa = PBXFileSystemSynchronizedRootGroup;
			exceptions = (
				DA01087C2E682336006E79AE /* Exceptions for "cast" folder in "cast" target */,
			);
			path = cast;
			sourceTree = "<group>";
		};
/* End PBXFileSystemSynchronizedRootGroup section */

/* Begin PBXFrameworksBuildPhase section */
		DA72BC5E2E5F87A000D128FF /* Frameworks */ = {
			isa = PBXFrameworksBuildPhase;
			buildActionMask = 2147483647;
			files = (
				DACC3DAB2E604C9C00DAF993 /* Sodium in Frameworks */,
				DACC3DC92E618D6A00DAF993 /* EnteCrypto in Frameworks */,
				DAF584672E61BB8300F8A08F /* ZIPFoundation in Frameworks */,
			);
			runOnlyForDeploymentPostprocessing = 0;
		};
		DA72BC702E5F87A100D128FF /* Frameworks */ = {
			isa = PBXFrameworksBuildPhase;
			buildActionMask = 2147483647;
			files = (
			);
			runOnlyForDeploymentPostprocessing = 0;
		};
		DA72BC7A2E5F87A100D128FF /* Frameworks */ = {
			isa = PBXFrameworksBuildPhase;
			buildActionMask = 2147483647;
			files = (
			);
			runOnlyForDeploymentPostprocessing = 0;
		};
/* End PBXFrameworksBuildPhase section */

/* Begin PBXGroup section */
		DA72BC582E5F87A000D128FF = {
			isa = PBXGroup;
			children = (
				DA72BC632E5F87A000D128FF /* cast */,
				DACC3DC72E618D6A00DAF993 /* Frameworks */,
				DA72BC622E5F87A000D128FF /* Products */,
			);
			sourceTree = "<group>";
		};
		DA72BC622E5F87A000D128FF /* Products */ = {
			isa = PBXGroup;
			children = (
				DA72BC612E5F87A000D128FF /* cast.app */,
				DA72BC732E5F87A100D128FF /* castTests.xctest */,
				DA72BC7D2E5F87A100D128FF /* castUITests.xctest */,
			);
			name = Products;
			sourceTree = "<group>";
		};
		DACC3DC72E618D6A00DAF993 /* Frameworks */ = {
			isa = PBXGroup;
			children = (
			);
			name = Frameworks;
			sourceTree = "<group>";
		};
/* End PBXGroup section */

/* Begin PBXNativeTarget section */
		DA72BC602E5F87A000D128FF /* cast */ = {
			isa = PBXNativeTarget;
			buildConfigurationList = DA72BC872E5F87A100D128FF /* Build configuration list for PBXNativeTarget "cast" */;
			buildPhases = (
				DA72BC5D2E5F87A000D128FF /* Sources */,
				DA72BC5E2E5F87A000D128FF /* Frameworks */,
				DA72BC5F2E5F87A000D128FF /* Resources */,
			);
			buildRules = (
			);
			dependencies = (
			);
			fileSystemSynchronizedGroups = (
				DA72BC632E5F87A000D128FF /* cast */,
			);
			name = cast;
			packageProductDependencies = (
				DA72BCAB2E5F87B000D128FF /* Sodium */,
				DACC3DC82E618D6A00DAF993 /* EnteCrypto */,
				DAF584662E61BB8300F8A08F /* ZIPFoundation */,
			);
			productName = tv;
			productReference = DA72BC612E5F87A000D128FF /* cast.app */;
			productType = "com.apple.product-type.application";
		};
		DA72BC722E5F87A100D128FF /* castTests */ = {
			isa = PBXNativeTarget;
			buildConfigurationList = DA72BC8A2E5F87A100D128FF /* Build configuration list for PBXNativeTarget "castTests" */;
			buildPhases = (
				DA72BC6F2E5F87A100D128FF /* Sources */,
				DA72BC702E5F87A100D128FF /* Frameworks */,
				DA72BC712E5F87A100D128FF /* Resources */,
			);
			buildRules = (
			);
			dependencies = (
				DA72BC752E5F87A100D128FF /* PBXTargetDependency */,
			);
			name = castTests;
			packageProductDependencies = (
			);
			productName = tvTests;
			productReference = DA72BC732E5F87A100D128FF /* castTests.xctest */;
			productType = "com.apple.product-type.bundle.unit-test";
		};
		DA72BC7C2E5F87A100D128FF /* castUITests */ = {
			isa = PBXNativeTarget;
			buildConfigurationList = DA72BC8D2E5F87A100D128FF /* Build configuration list for PBXNativeTarget "castUITests" */;
			buildPhases = (
				DA72BC792E5F87A100D128FF /* Sources */,
				DA72BC7A2E5F87A100D128FF /* Frameworks */,
				DA72BC7B2E5F87A100D128FF /* Resources */,
			);
			buildRules = (
			);
			dependencies = (
				DA72BC7F2E5F87A100D128FF /* PBXTargetDependency */,
			);
			name = castUITests;
			packageProductDependencies = (
			);
			productName = tvUITests;
			productReference = DA72BC7D2E5F87A100D128FF /* castUITests.xctest */;
			productType = "com.apple.product-type.bundle.ui-testing";
		};
/* End PBXNativeTarget section */

/* Begin PBXProject section */
		DA72BC592E5F87A000D128FF /* Project object */ = {
			isa = PBXProject;
			attributes = {
				BuildIndependentTargetsInParallel = 1;
				LastSwiftUpdateCheck = 1630;
				LastUpgradeCheck = 1630;
				TargetAttributes = {
					DA72BC602E5F87A000D128FF = {
						CreatedOnToolsVersion = 16.3;
					};
					DA72BC722E5F87A100D128FF = {
						CreatedOnToolsVersion = 16.3;
						TestTargetID = DA72BC602E5F87A000D128FF;
					};
					DA72BC7C2E5F87A100D128FF = {
						CreatedOnToolsVersion = 16.3;
						TestTargetID = DA72BC602E5F87A000D128FF;
					};
				};
			};
			buildConfigurationList = DA72BC5C2E5F87A000D128FF /* Build configuration list for PBXProject "tv" */;
			developmentRegion = en;
			hasScannedForEncodings = 0;
			knownRegions = (
				en,
				Base,
			);
			mainGroup = DA72BC582E5F87A000D128FF;
			minimizedProjectReferenceProxies = 1;
			packageReferences = (
				DA72BCAA2E5F87B000D128FF /* XCRemoteSwiftPackageReference "swift-sodium" */,
				DACC3DC62E618D5300DAF993 /* XCLocalSwiftPackageReference "../../Packages/EnteCrypto" */,
				DAF584652E61BB6300F8A08F /* XCRemoteSwiftPackageReference "ZIPFoundation" */,
			);
			preferredProjectObjectVersion = 77;
			productRefGroup = DA72BC622E5F87A000D128FF /* Products */;
			projectDirPath = "";
			projectRoot = "";
			targets = (
				DA72BC602E5F87A000D128FF /* cast */,
				DA72BC722E5F87A100D128FF /* castTests */,
				DA72BC7C2E5F87A100D128FF /* castUITests */,
			);
		};
/* End PBXProject section */

/* Begin PBXResourcesBuildPhase section */
		DA72BC5F2E5F87A000D128FF /* Resources */ = {
			isa = PBXResourcesBuildPhase;
			buildActionMask = 2147483647;
			files = (
			);
			runOnlyForDeploymentPostprocessing = 0;
		};
		DA72BC712E5F87A100D128FF /* Resources */ = {
			isa = PBXResourcesBuildPhase;
			buildActionMask = 2147483647;
			files = (
			);
			runOnlyForDeploymentPostprocessing = 0;
		};
		DA72BC7B2E5F87A100D128FF /* Resources */ = {
			isa = PBXResourcesBuildPhase;
			buildActionMask = 2147483647;
			files = (
			);
			runOnlyForDeploymentPostprocessing = 0;
		};
/* End PBXResourcesBuildPhase section */

/* Begin PBXSourcesBuildPhase section */
		DA72BC5D2E5F87A000D128FF /* Sources */ = {
			isa = PBXSourcesBuildPhase;
			buildActionMask = 2147483647;
			files = (
			);
			runOnlyForDeploymentPostprocessing = 0;
		};
		DA72BC6F2E5F87A100D128FF /* Sources */ = {
			isa = PBXSourcesBuildPhase;
			buildActionMask = 2147483647;
			files = (
			);
			runOnlyForDeploymentPostprocessing = 0;
		};
		DA72BC792E5F87A100D128FF /* Sources */ = {
			isa = PBXSourcesBuildPhase;
			buildActionMask = 2147483647;
			files = (
			);
			runOnlyForDeploymentPostprocessing = 0;
		};
/* End PBXSourcesBuildPhase section */

/* Begin PBXTargetDependency section */
		DA72BC752E5F87A100D128FF /* PBXTargetDependency */ = {
			isa = PBXTargetDependency;
			target = DA72BC602E5F87A000D128FF /* cast */;
			targetProxy = DA72BC742E5F87A100D128FF /* PBXContainerItemProxy */;
		};
		DA72BC7F2E5F87A100D128FF /* PBXTargetDependency */ = {
			isa = PBXTargetDependency;
			target = DA72BC602E5F87A000D128FF /* cast */;
			targetProxy = DA72BC7E2E5F87A100D128FF /* PBXContainerItemProxy */;
		};
/* End PBXTargetDependency section */

/* Begin XCBuildConfiguration section */
		DA72BC852E5F87A100D128FF /* Debug */ = {
			isa = XCBuildConfiguration;
			buildSettings = {
				ALWAYS_SEARCH_USER_PATHS = NO;
				ASSETCATALOG_COMPILER_GENERATE_SWIFT_ASSET_SYMBOL_EXTENSIONS = YES;
				CLANG_ANALYZER_NONNULL = YES;
				CLANG_ANALYZER_NUMBER_OBJECT_CONVERSION = YES_AGGRESSIVE;
				CLANG_CXX_LANGUAGE_STANDARD = "gnu++20";
				CLANG_ENABLE_MODULES = YES;
				CLANG_ENABLE_OBJC_ARC = YES;
				CLANG_ENABLE_OBJC_WEAK = YES;
				CLANG_WARN_BLOCK_CAPTURE_AUTORELEASING = YES;
				CLANG_WARN_BOOL_CONVERSION = YES;
				CLANG_WARN_COMMA = YES;
				CLANG_WARN_CONSTANT_CONVERSION = YES;
				CLANG_WARN_DEPRECATED_OBJC_IMPLEMENTATIONS = YES;
				CLANG_WARN_DIRECT_OBJC_ISA_USAGE = YES_ERROR;
				CLANG_WARN_DOCUMENTATION_COMMENTS = YES;
				CLANG_WARN_EMPTY_BODY = YES;
				CLANG_WARN_ENUM_CONVERSION = YES;
				CLANG_WARN_INFINITE_RECURSION = YES;
				CLANG_WARN_INT_CONVERSION = YES;
				CLANG_WARN_NON_LITERAL_NULL_CONVERSION = YES;
				CLANG_WARN_OBJC_IMPLICIT_RETAIN_SELF = YES;
				CLANG_WARN_OBJC_LITERAL_CONVERSION = YES;
				CLANG_WARN_OBJC_ROOT_CLASS = YES_ERROR;
				CLANG_WARN_QUOTED_INCLUDE_IN_FRAMEWORK_HEADER = YES;
				CLANG_WARN_RANGE_LOOP_ANALYSIS = YES;
				CLANG_WARN_STRICT_PROTOTYPES = YES;
				CLANG_WARN_SUSPICIOUS_MOVE = YES;
				CLANG_WARN_UNGUARDED_AVAILABILITY = YES_AGGRESSIVE;
				CLANG_WARN_UNREACHABLE_CODE = YES;
				CLANG_WARN__DUPLICATE_METHOD_MATCH = YES;
				COPY_PHASE_STRIP = NO;
				DEBUG_INFORMATION_FORMAT = dwarf;
				DEVELOPMENT_TEAM = SN6GQPQWGV;
				ENABLE_STRICT_OBJC_MSGSEND = YES;
				ENABLE_TESTABILITY = YES;
				ENABLE_USER_SCRIPT_SANDBOXING = YES;
				GCC_C_LANGUAGE_STANDARD = gnu17;
				GCC_DYNAMIC_NO_PIC = NO;
				GCC_NO_COMMON_BLOCKS = YES;
				GCC_OPTIMIZATION_LEVEL = 0;
				GCC_PREPROCESSOR_DEFINITIONS = (
					"DEBUG=1",
					"$(inherited)",
				);
				GCC_WARN_64_TO_32_BIT_CONVERSION = YES;
				GCC_WARN_ABOUT_RETURN_TYPE = YES_ERROR;
				GCC_WARN_UNDECLARED_SELECTOR = YES;
				GCC_WARN_UNINITIALIZED_AUTOS = YES_AGGRESSIVE;
				GCC_WARN_UNUSED_FUNCTION = YES;
				GCC_WARN_UNUSED_VARIABLE = YES;
				INFOPLIST_KEY_UIRequiresFullScreen = YES;
				LOCALIZATION_PREFERS_STRING_CATALOGS = YES;
				MTL_ENABLE_DEBUG_INFO = INCLUDE_SOURCE;
				MTL_FAST_MATH = YES;
				ONLY_ACTIVE_ARCH = YES;
				SDKROOT = appletvos;
				SWIFT_ACTIVE_COMPILATION_CONDITIONS = "DEBUG $(inherited)";
				SWIFT_OPTIMIZATION_LEVEL = "-Onone";
				TVOS_DEPLOYMENT_TARGET = 18.4;
			};
			name = Debug;
		};
		DA72BC862E5F87A100D128FF /* Release */ = {
			isa = XCBuildConfiguration;
			buildSettings = {
				ALWAYS_SEARCH_USER_PATHS = NO;
				ASSETCATALOG_COMPILER_GENERATE_SWIFT_ASSET_SYMBOL_EXTENSIONS = YES;
				CLANG_ANALYZER_NONNULL = YES;
				CLANG_ANALYZER_NUMBER_OBJECT_CONVERSION = YES_AGGRESSIVE;
				CLANG_CXX_LANGUAGE_STANDARD = "gnu++20";
				CLANG_ENABLE_MODULES = YES;
				CLANG_ENABLE_OBJC_ARC = YES;
				CLANG_ENABLE_OBJC_WEAK = YES;
				CLANG_WARN_BLOCK_CAPTURE_AUTORELEASING = YES;
				CLANG_WARN_BOOL_CONVERSION = YES;
				CLANG_WARN_COMMA = YES;
				CLANG_WARN_CONSTANT_CONVERSION = YES;
				CLANG_WARN_DEPRECATED_OBJC_IMPLEMENTATIONS = YES;
				CLANG_WARN_DIRECT_OBJC_ISA_USAGE = YES_ERROR;
				CLANG_WARN_DOCUMENTATION_COMMENTS = YES;
				CLANG_WARN_EMPTY_BODY = YES;
				CLANG_WARN_ENUM_CONVERSION = YES;
				CLANG_WARN_INFINITE_RECURSION = YES;
				CLANG_WARN_INT_CONVERSION = YES;
				CLANG_WARN_NON_LITERAL_NULL_CONVERSION = YES;
				CLANG_WARN_OBJC_IMPLICIT_RETAIN_SELF = YES;
				CLANG_WARN_OBJC_LITERAL_CONVERSION = YES;
				CLANG_WARN_OBJC_ROOT_CLASS = YES_ERROR;
				CLANG_WARN_QUOTED_INCLUDE_IN_FRAMEWORK_HEADER = YES;
				CLANG_WARN_RANGE_LOOP_ANALYSIS = YES;
				CLANG_WARN_STRICT_PROTOTYPES = YES;
				CLANG_WARN_SUSPICIOUS_MOVE = YES;
				CLANG_WARN_UNGUARDED_AVAILABILITY = YES_AGGRESSIVE;
				CLANG_WARN_UNREACHABLE_CODE = YES;
				CLANG_WARN__DUPLICATE_METHOD_MATCH = YES;
				COPY_PHASE_STRIP = NO;
				DEBUG_INFORMATION_FORMAT = "dwarf-with-dsym";
				DEVELOPMENT_TEAM = SN6GQPQWGV;
				ENABLE_NS_ASSERTIONS = NO;
				ENABLE_STRICT_OBJC_MSGSEND = YES;
				ENABLE_USER_SCRIPT_SANDBOXING = YES;
				GCC_C_LANGUAGE_STANDARD = gnu17;
				GCC_NO_COMMON_BLOCKS = YES;
				GCC_WARN_64_TO_32_BIT_CONVERSION = YES;
				GCC_WARN_ABOUT_RETURN_TYPE = YES_ERROR;
				GCC_WARN_UNDECLARED_SELECTOR = YES;
				GCC_WARN_UNINITIALIZED_AUTOS = YES_AGGRESSIVE;
				GCC_WARN_UNUSED_FUNCTION = YES;
				GCC_WARN_UNUSED_VARIABLE = YES;
				INFOPLIST_KEY_UIRequiresFullScreen = YES;
				LOCALIZATION_PREFERS_STRING_CATALOGS = YES;
				MTL_ENABLE_DEBUG_INFO = NO;
				MTL_FAST_MATH = YES;
				SDKROOT = appletvos;
				SWIFT_COMPILATION_MODE = wholemodule;
				TVOS_DEPLOYMENT_TARGET = 18.4;
				VALIDATE_PRODUCT = YES;
			};
			name = Release;
		};
		DA72BC882E5F87A100D128FF /* Debug */ = {
			isa = XCBuildConfiguration;
			buildSettings = {
				ASSETCATALOG_COMPILER_APPICON_NAME = "App Icon & Top Shelf Image";
				ASSETCATALOG_COMPILER_GLOBAL_ACCENT_COLOR_NAME = AccentColor;
				CODE_SIGN_IDENTITY = "Apple Development";
				CODE_SIGN_STYLE = Automatic;
				CURRENT_PROJECT_VERSION = 1;
				DEVELOPMENT_TEAM = 6Z68YJY9Q2;
				ENABLE_PREVIEWS = YES;
				GENERATE_INFOPLIST_FILE = YES;
				INFOPLIST_FILE = cast/Info.plist;
				INFOPLIST_KEY_CFBundleDisplayName = "Ente Cast";
				INFOPLIST_KEY_LSApplicationCategoryType = "public.app-category.photography";
				INFOPLIST_KEY_UILaunchScreen_Generation = YES;
				INFOPLIST_KEY_UIRequiresFullScreen = YES;
				INFOPLIST_KEY_UIUserInterfaceStyle = Automatic;
				LD_RUNPATH_SEARCH_PATHS = (
					"$(inherited)",
					"@executable_path/Frameworks",
				);
				MARKETING_VERSION = 1.0;
				PRODUCT_BUNDLE_IDENTIFIER = io.ente.photos.tv.cast;
				PRODUCT_NAME = "$(TARGET_NAME)";
				PROVISIONING_PROFILE_SPECIFIER = "";
				SWIFT_EMIT_LOC_STRINGS = YES;
				SWIFT_VERSION = 5.0;
				TARGETED_DEVICE_FAMILY = 3;
			};
			name = Debug;
		};
		DA72BC892E5F87A100D128FF /* Release */ = {
			isa = XCBuildConfiguration;
			buildSettings = {
				ASSETCATALOG_COMPILER_APPICON_NAME = "App Icon & Top Shelf Image";
				ASSETCATALOG_COMPILER_GLOBAL_ACCENT_COLOR_NAME = AccentColor;
				CODE_SIGN_IDENTITY = "Apple Development";
				CODE_SIGN_STYLE = Automatic;
				CURRENT_PROJECT_VERSION = 1;
				DEVELOPMENT_TEAM = 6Z68YJY9Q2;
				ENABLE_PREVIEWS = YES;
				GENERATE_INFOPLIST_FILE = YES;
				INFOPLIST_FILE = cast/Info.plist;
				"INFOPLIST_FILE[sdk=appletvos*]" = "";
				INFOPLIST_KEY_CFBundleDisplayName = "Ente Cast";
				INFOPLIST_KEY_LSApplicationCategoryType = "public.app-category.photography";
				INFOPLIST_KEY_UILaunchScreen_Generation = YES;
				INFOPLIST_KEY_UIRequiresFullScreen = YES;
				INFOPLIST_KEY_UIUserInterfaceStyle = Automatic;
				LD_RUNPATH_SEARCH_PATHS = (
					"$(inherited)",
					"@executable_path/Frameworks",
				);
				MARKETING_VERSION = 1.0;
				PRODUCT_BUNDLE_IDENTIFIER = io.ente.frame.tv.cast;
				PRODUCT_NAME = "$(TARGET_NAME)";
				PROVISIONING_PROFILE_SPECIFIER = "";
				SWIFT_EMIT_LOC_STRINGS = YES;
				SWIFT_VERSION = 5.0;
				TARGETED_DEVICE_FAMILY = 3;
			};
			name = Release;
		};
		DA72BC8B2E5F87A100D128FF /* Debug */ = {
			isa = XCBuildConfiguration;
			buildSettings = {
				BUNDLE_LOADER = "$(TEST_HOST)";
				CODE_SIGN_STYLE = Automatic;
				CURRENT_PROJECT_VERSION = 1;
				DEVELOPMENT_TEAM = SN6GQPQWGV;
				GENERATE_INFOPLIST_FILE = YES;
				MARKETING_VERSION = 1.0;
				PRODUCT_BUNDLE_IDENTIFIER = io.ente.photos.tv.castTests;
				PRODUCT_NAME = "$(TARGET_NAME)";
				SWIFT_EMIT_LOC_STRINGS = NO;
				SWIFT_VERSION = 5.0;
				TARGETED_DEVICE_FAMILY = 3;
				TEST_HOST = "$(BUILT_PRODUCTS_DIR)/tv.app/$(BUNDLE_EXECUTABLE_FOLDER_PATH)/tv";
				TVOS_DEPLOYMENT_TARGET = 18.4;
			};
			name = Debug;
		};
		DA72BC8C2E5F87A100D128FF /* Release */ = {
			isa = XCBuildConfiguration;
			buildSettings = {
				BUNDLE_LOADER = "$(TEST_HOST)";
				CODE_SIGN_STYLE = Automatic;
				CURRENT_PROJECT_VERSION = 1;
				DEVELOPMENT_TEAM = SN6GQPQWGV;
				GENERATE_INFOPLIST_FILE = YES;
				MARKETING_VERSION = 1.0;
				PRODUCT_BUNDLE_IDENTIFIER = io.ente.photos.tvTests;
				PRODUCT_NAME = "$(TARGET_NAME)";
				SWIFT_EMIT_LOC_STRINGS = NO;
				SWIFT_VERSION = 5.0;
				TARGETED_DEVICE_FAMILY = 3;
				TEST_HOST = "$(BUILT_PRODUCTS_DIR)/tv.app/$(BUNDLE_EXECUTABLE_FOLDER_PATH)/tv";
				TVOS_DEPLOYMENT_TARGET = 18.4;
			};
			name = Release;
		};
		DA72BC8E2E5F87A100D128FF /* Debug */ = {
			isa = XCBuildConfiguration;
			buildSettings = {
				CODE_SIGN_STYLE = Automatic;
				CURRENT_PROJECT_VERSION = 1;
				DEVELOPMENT_TEAM = SN6GQPQWGV;
				GENERATE_INFOPLIST_FILE = YES;
				MARKETING_VERSION = 1.0;
				PRODUCT_BUNDLE_IDENTIFIER = io.ente.photos.tv.castUITests;
				PRODUCT_NAME = "$(TARGET_NAME)";
				SWIFT_EMIT_LOC_STRINGS = NO;
				SWIFT_VERSION = 5.0;
				TARGETED_DEVICE_FAMILY = 3;
				TEST_TARGET_NAME = tv;
			};
			name = Debug;
		};
		DA72BC8F2E5F87A100D128FF /* Release */ = {
			isa = XCBuildConfiguration;
			buildSettings = {
				CODE_SIGN_STYLE = Automatic;
				CURRENT_PROJECT_VERSION = 1;
				DEVELOPMENT_TEAM = SN6GQPQWGV;
				GENERATE_INFOPLIST_FILE = YES;
				MARKETING_VERSION = 1.0;
				PRODUCT_BUNDLE_IDENTIFIER = io.ente.photos.tvUITests;
				PRODUCT_NAME = "$(TARGET_NAME)";
				SWIFT_EMIT_LOC_STRINGS = NO;
				SWIFT_VERSION = 5.0;
				TARGETED_DEVICE_FAMILY = 3;
				TEST_TARGET_NAME = tv;
			};
			name = Release;
		};
/* End XCBuildConfiguration section */

/* Begin XCConfigurationList section */
		DA72BC5C2E5F87A000D128FF /* Build configuration list for PBXProject "tv" */ = {
			isa = XCConfigurationList;
			buildConfigurations = (
				DA72BC852E5F87A100D128FF /* Debug */,
				DA72BC862E5F87A100D128FF /* Release */,
			);
			defaultConfigurationIsVisible = 0;
			defaultConfigurationName = Release;
		};
		DA72BC872E5F87A100D128FF /* Build configuration list for PBXNativeTarget "cast" */ = {
			isa = XCConfigurationList;
			buildConfigurations = (
				DA72BC882E5F87A100D128FF /* Debug */,
				DA72BC892E5F87A100D128FF /* Release */,
			);
			defaultConfigurationIsVisible = 0;
			defaultConfigurationName = Release;
		};
		DA72BC8A2E5F87A100D128FF /* Build configuration list for PBXNativeTarget "castTests" */ = {
			isa = XCConfigurationList;
			buildConfigurations = (
				DA72BC8B2E5F87A100D128FF /* Debug */,
				DA72BC8C2E5F87A100D128FF /* Release */,
			);
			defaultConfigurationIsVisible = 0;
			defaultConfigurationName = Release;
		};
		DA72BC8D2E5F87A100D128FF /* Build configuration list for PBXNativeTarget "castUITests" */ = {
			isa = XCConfigurationList;
			buildConfigurations = (
				DA72BC8E2E5F87A100D128FF /* Debug */,
				DA72BC8F2E5F87A100D128FF /* Release */,
			);
			defaultConfigurationIsVisible = 0;
			defaultConfigurationName = Release;
		};
/* End XCConfigurationList section */

/* Begin XCLocalSwiftPackageReference section */
		DACC3DC62E618D5300DAF993 /* XCLocalSwiftPackageReference "../../Packages/EnteCrypto" */ = {
			isa = XCLocalSwiftPackageReference;
			relativePath = ../../Packages/EnteCrypto;
		};
/* End XCLocalSwiftPackageReference section */

/* Begin XCRemoteSwiftPackageReference section */
		DA72BCAA2E5F87B000D128FF /* XCRemoteSwiftPackageReference "swift-sodium" */ = {
			isa = XCRemoteSwiftPackageReference;
			repositoryURL = "https://github.com/jedisct1/swift-sodium.git";
			requirement = {
				kind = upToNextMajorVersion;
				minimumVersion = 0.9.1;
			};
		};
		DAF584652E61BB6300F8A08F /* XCRemoteSwiftPackageReference "ZIPFoundation" */ = {
			isa = XCRemoteSwiftPackageReference;
			repositoryURL = "https://github.com/weichsel/ZIPFoundation.git";
			requirement = {
				kind = upToNextMajorVersion;
				minimumVersion = 0.9.19;
			};
		};
/* End XCRemoteSwiftPackageReference section */

/* Begin XCSwiftPackageProductDependency section */
		DA72BCAB2E5F87B000D128FF /* Sodium */ = {
			isa = XCSwiftPackageProductDependency;
			package = DA72BCAA2E5F87B000D128FF /* XCRemoteSwiftPackageReference "swift-sodium" */;
			productName = Sodium;
		};
		DACC3DC82E618D6A00DAF993 /* EnteCrypto */ = {
			isa = XCSwiftPackageProductDependency;
			productName = EnteCrypto;
		};
		DAF584662E61BB8300F8A08F /* ZIPFoundation */ = {
			isa = XCSwiftPackageProductDependency;
			package = DAF584652E61BB6300F8A08F /* XCRemoteSwiftPackageReference "ZIPFoundation" */;
			productName = ZIPFoundation;
		};
/* End XCSwiftPackageProductDependency section */
	};
	rootObject = DA72BC592E5F87A000D128FF /* Project object */;
}
